// !$*UTF8*$!
{
	archiveVersion = 1;
	classes = {
	};
	objectVersion = 50;
	objects = {

/* Begin PBXBuildFile section */
		6E979F862601A11E0025A7AA /* testdroneApp.swift in Sources */ = {isa = PBXBuildFile; fileRef = 6E979F852601A11E0025A7AA /* testdroneApp.swift */; };
		6E979F882601A11E0025A7AA /* ContentView.swift in Sources */ = {isa = PBXBuildFile; fileRef = 6E979F872601A11E0025A7AA /* ContentView.swift */; };
		6E979F8A2601A1220025A7AA /* Assets.xcassets in Resources */ = {isa = PBXBuildFile; fileRef = 6E979F892601A1220025A7AA /* Assets.xcassets */; };
		6E979F8D2601A1220025A7AA /* Preview Assets.xcassets in Resources */ = {isa = PBXBuildFile; fileRef = 6E979F8C2601A1220025A7AA /* Preview Assets.xcassets */; };
		6E979F982601A1220025A7AA /* testdroneTests.swift in Sources */ = {isa = PBXBuildFile; fileRef = 6E979F972601A1220025A7AA /* testdroneTests.swift */; };
		6E979FA32601A1220025A7AA /* testdroneUITests.swift in Sources */ = {isa = PBXBuildFile; fileRef = 6E979FA22601A1220025A7AA /* testdroneUITests.swift */; };
		6E979FBC2601E3F70025A7AA /* .drone.yml in Resources */ = {isa = PBXBuildFile; fileRef = 6E979FBB2601E3F70025A7AA /* .drone.yml */; };
/* End PBXBuildFile section */

/* Begin PBXContainerItemProxy section */
		6E979F942601A1220025A7AA /* PBXContainerItemProxy */ = {
			isa = PBXContainerItemProxy;
			containerPortal = 6E979F7A2601A11D0025A7AA /* Project object */;
			proxyType = 1;
			remoteGlobalIDString = 6E979F812601A11D0025A7AA;
			remoteInfo = testdrone;
		};
		6E979F9F2601A1220025A7AA /* PBXContainerItemProxy */ = {
			isa = PBXContainerItemProxy;
			containerPortal = 6E979F7A2601A11D0025A7AA /* Project object */;
			proxyType = 1;
			remoteGlobalIDString = 6E979F812601A11D0025A7AA;
			remoteInfo = testdrone;
		};
/* End PBXContainerItemProxy section */

/* Begin PBXFileReference section */
		6E979F822601A11D0025A7AA /* testdrone.app */ = {isa = PBXFileReference; explicitFileType = wrapper.application; includeInIndex = 0; path = testdrone.app; sourceTree = BUILT_PRODUCTS_DIR; };
		6E979F852601A11E0025A7AA /* testdroneApp.swift */ = {isa = PBXFileReference; lastKnownFileType = sourcecode.swift; path = testdroneApp.swift; sourceTree = "<group>"; };
		6E979F872601A11E0025A7AA /* ContentView.swift */ = {isa = PBXFileReference; lastKnownFileType = sourcecode.swift; path = ContentView.swift; sourceTree = "<group>"; };
		6E979F892601A1220025A7AA /* Assets.xcassets */ = {isa = PBXFileReference; lastKnownFileType = folder.assetcatalog; path = Assets.xcassets; sourceTree = "<group>"; };
		6E979F8C2601A1220025A7AA /* Preview Assets.xcassets */ = {isa = PBXFileReference; lastKnownFileType = folder.assetcatalog; path = "Preview Assets.xcassets"; sourceTree = "<group>"; };
		6E979F8E2601A1220025A7AA /* Info.plist */ = {isa = PBXFileReference; lastKnownFileType = text.plist.xml; path = Info.plist; sourceTree = "<group>"; };
		6E979F932601A1220025A7AA /* testdroneTests.xctest */ = {isa = PBXFileReference; explicitFileType = wrapper.cfbundle; includeInIndex = 0; path = testdroneTests.xctest; sourceTree = BUILT_PRODUCTS_DIR; };
		6E979F972601A1220025A7AA /* testdroneTests.swift */ = {isa = PBXFileReference; lastKnownFileType = sourcecode.swift; path = testdroneTests.swift; sourceTree = "<group>"; };
		6E979F992601A1220025A7AA /* Info.plist */ = {isa = PBXFileReference; lastKnownFileType = text.plist.xml; path = Info.plist; sourceTree = "<group>"; };
		6E979F9E2601A1220025A7AA /* testdroneUITests.xctest */ = {isa = PBXFileReference; explicitFileType = wrapper.cfbundle; includeInIndex = 0; path = testdroneUITests.xctest; sourceTree = BUILT_PRODUCTS_DIR; };
		6E979FA22601A1220025A7AA /* testdroneUITests.swift */ = {isa = PBXFileReference; lastKnownFileType = sourcecode.swift; path = testdroneUITests.swift; sourceTree = "<group>"; };
		6E979FA42601A1220025A7AA /* Info.plist */ = {isa = PBXFileReference; lastKnownFileType = text.plist.xml; path = Info.plist; sourceTree = "<group>"; };
		6E979FBB2601E3F70025A7AA /* .drone.yml */ = {isa = PBXFileReference; lastKnownFileType = text.yaml; path = .drone.yml; sourceTree = "<group>"; };
/* End PBXFileReference section */

/* Begin PBXFrameworksBuildPhase section */
		6E979F7F2601A11D0025A7AA /* Frameworks */ = {
			isa = PBXFrameworksBuildPhase;
			buildActionMask = 2147483647;
			files = (
			);
			runOnlyForDeploymentPostprocessing = 0;
		};
		6E979F902601A1220025A7AA /* Frameworks */ = {
			isa = PBXFrameworksBuildPhase;
			buildActionMask = 2147483647;
			files = (
			);
			runOnlyForDeploymentPostprocessing = 0;
		};
		6E979F9B2601A1220025A7AA /* Frameworks */ = {
			isa = PBXFrameworksBuildPhase;
			buildActionMask = 2147483647;
			files = (
			);
			runOnlyForDeploymentPostprocessing = 0;
		};
/* End PBXFrameworksBuildPhase section */

/* Begin PBXGroup section */
		6E979F792601A11D0025A7AA = {
			isa = PBXGroup;
			children = (
				6E979FBB2601E3F70025A7AA /* .drone.yml */,
				6E979F842601A11D0025A7AA /* testdrone */,
				6E979F962601A1220025A7AA /* testdroneTests */,
				6E979FA12601A1220025A7AA /* testdroneUITests */,
				6E979F832601A11D0025A7AA /* Products */,
			);
			sourceTree = "<group>";
		};
		6E979F832601A11D0025A7AA /* Products */ = {
			isa = PBXGroup;
			children = (
				6E979F822601A11D0025A7AA /* testdrone.app */,
				6E979F932601A1220025A7AA /* testdroneTests.xctest */,
				6E979F9E2601A1220025A7AA /* testdroneUITests.xctest */,
			);
			name = Products;
			sourceTree = "<group>";
		};
		6E979F842601A11D0025A7AA /* testdrone */ = {
			isa = PBXGroup;
			children = (
				6E979F852601A11E0025A7AA /* testdroneApp.swift */,
				6E979F872601A11E0025A7AA /* ContentView.swift */,
				6E979F892601A1220025A7AA /* Assets.xcassets */,
				6E979F8E2601A1220025A7AA /* Info.plist */,
				6E979F8B2601A1220025A7AA /* Preview Content */,
			);
			path = testdrone;
			sourceTree = "<group>";
		};
		6E979F8B2601A1220025A7AA /* Preview Content */ = {
			isa = PBXGroup;
			children = (
				6E979F8C2601A1220025A7AA /* Preview Assets.xcassets */,
			);
			path = "Preview Content";
			sourceTree = "<group>";
		};
		6E979F962601A1220025A7AA /* testdroneTests */ = {
			isa = PBXGroup;
			children = (
				6E979F972601A1220025A7AA /* testdroneTests.swift */,
				6E979F992601A1220025A7AA /* Info.plist */,
			);
			path = testdroneTests;
			sourceTree = "<group>";
		};
		6E979FA12601A1220025A7AA /* testdroneUITests */ = {
			isa = PBXGroup;
			children = (
				6E979FA22601A1220025A7AA /* testdroneUITests.swift */,
				6E979FA42601A1220025A7AA /* Info.plist */,
			);
			path = testdroneUITests;
			sourceTree = "<group>";
		};
/* End PBXGroup section */

/* Begin PBXNativeTarget section */
		6E979F812601A11D0025A7AA /* testdrone */ = {
			isa = PBXNativeTarget;
			buildConfigurationList = 6E979FA72601A1220025A7AA /* Build configuration list for PBXNativeTarget "testdrone" */;
			buildPhases = (
				6E979F7E2601A11D0025A7AA /* Sources */,
				6E979F7F2601A11D0025A7AA /* Frameworks */,
				6E979F802601A11D0025A7AA /* Resources */,
			);
			buildRules = (
			);
			dependencies = (
			);
			name = testdrone;
			productName = testdrone;
			productReference = 6E979F822601A11D0025A7AA /* testdrone.app */;
			productType = "com.apple.product-type.application";
		};
		6E979F922601A1220025A7AA /* testdroneTests */ = {
			isa = PBXNativeTarget;
			buildConfigurationList = 6E979FAA2601A1220025A7AA /* Build configuration list for PBXNativeTarget "testdroneTests" */;
			buildPhases = (
				6E979F8F2601A1220025A7AA /* Sources */,
				6E979F902601A1220025A7AA /* Frameworks */,
				6E979F912601A1220025A7AA /* Resources */,
			);
			buildRules = (
			);
			dependencies = (
				6E979F952601A1220025A7AA /* PBXTargetDependency */,
			);
			name = testdroneTests;
			productName = testdroneTests;
			productReference = 6E979F932601A1220025A7AA /* testdroneTests.xctest */;
			productType = "com.apple.product-type.bundle.unit-test";
		};
		6E979F9D2601A1220025A7AA /* testdroneUITests */ = {
			isa = PBXNativeTarget;
			buildConfigurationList = 6E979FAD2601A1220025A7AA /* Build configuration list for PBXNativeTarget "testdroneUITests" */;
			buildPhases = (
				6E979F9A2601A1220025A7AA /* Sources */,
				6E979F9B2601A1220025A7AA /* Frameworks */,
				6E979F9C2601A1220025A7AA /* Resources */,
			);
			buildRules = (
			);
			dependencies = (
				6E979FA02601A1220025A7AA /* PBXTargetDependency */,
			);
			name = testdroneUITests;
			productName = testdroneUITests;
			productReference = 6E979F9E2601A1220025A7AA /* testdroneUITests.xctest */;
			productType = "com.apple.product-type.bundle.ui-testing";
		};
/* End PBXNativeTarget section */

/* Begin PBXProject section */
		6E979F7A2601A11D0025A7AA /* Project object */ = {
			isa = PBXProject;
			attributes = {
				LastSwiftUpdateCheck = 1240;
				LastUpgradeCheck = 1240;
				TargetAttributes = {
					6E979F812601A11D0025A7AA = {
						CreatedOnToolsVersion = 12.4;
					};
					6E979F922601A1220025A7AA = {
						CreatedOnToolsVersion = 12.4;
						TestTargetID = 6E979F812601A11D0025A7AA;
					};
					6E979F9D2601A1220025A7AA = {
						CreatedOnToolsVersion = 12.4;
						TestTargetID = 6E979F812601A11D0025A7AA;
					};
				};
			};
			buildConfigurationList = 6E979F7D2601A11D0025A7AA /* Build configuration list for PBXProject "testdrone" */;
			compatibilityVersion = "Xcode 9.3";
			developmentRegion = en;
			hasScannedForEncodings = 0;
			knownRegions = (
				en,
				Base,
			);
			mainGroup = 6E979F792601A11D0025A7AA;
			productRefGroup = 6E979F832601A11D0025A7AA /* Products */;
			projectDirPath = "";
			projectRoot = "";
			targets = (
				6E979F812601A11D0025A7AA /* testdrone */,
				6E979F922601A1220025A7AA /* testdroneTests */,
				6E979F9D2601A1220025A7AA /* testdroneUITests */,
			);
		};
/* End PBXProject section */

/* Begin PBXResourcesBuildPhase section */
		6E979F802601A11D0025A7AA /* Resources */ = {
			isa = PBXResourcesBuildPhase;
			buildActionMask = 2147483647;
			files = (
				6E979FBC2601E3F70025A7AA /* .drone.yml in Resources */,
				6E979F8D2601A1220025A7AA /* Preview Assets.xcassets in Resources */,
				6E979F8A2601A1220025A7AA /* Assets.xcassets in Resources */,
			);
			runOnlyForDeploymentPostprocessing = 0;
		};
		6E979F912601A1220025A7AA /* Resources */ = {
			isa = PBXResourcesBuildPhase;
			buildActionMask = 2147483647;
			files = (
			);
			runOnlyForDeploymentPostprocessing = 0;
		};
		6E979F9C2601A1220025A7AA /* Resources */ = {
			isa = PBXResourcesBuildPhase;
			buildActionMask = 2147483647;
			files = (
			);
			runOnlyForDeploymentPostprocessing = 0;
		};
/* End PBXResourcesBuildPhase section */

/* Begin PBXSourcesBuildPhase section */
		6E979F7E2601A11D0025A7AA /* Sources */ = {
			isa = PBXSourcesBuildPhase;
			buildActionMask = 2147483647;
			files = (
				6E979F882601A11E0025A7AA /* ContentView.swift in Sources */,
				6E979F862601A11E0025A7AA /* testdroneApp.swift in Sources */,
			);
			runOnlyForDeploymentPostprocessing = 0;
		};
		6E979F8F2601A1220025A7AA /* Sources */ = {
			isa = PBXSourcesBuildPhase;
			buildActionMask = 2147483647;
			files = (
				6E979F982601A1220025A7AA /* testdroneTests.swift in Sources */,
			);
			runOnlyForDeploymentPostprocessing = 0;
		};
		6E979F9A2601A1220025A7AA /* Sources */ = {
			isa = PBXSourcesBuildPhase;
			buildActionMask = 2147483647;
			files = (
				6E979FA32601A1220025A7AA /* testdroneUITests.swift in Sources */,
			);
			runOnlyForDeploymentPostprocessing = 0;
		};
/* End PBXSourcesBuildPhase section */

/* Begin PBXTargetDependency section */
		6E979F952601A1220025A7AA /* PBXTargetDependency */ = {
			isa = PBXTargetDependency;
			target = 6E979F812601A11D0025A7AA /* testdrone */;
			targetProxy = 6E979F942601A1220025A7AA /* PBXContainerItemProxy */;
		};
		6E979FA02601A1220025A7AA /* PBXTargetDependency */ = {
			isa = PBXTargetDependency;
			target = 6E979F812601A11D0025A7AA /* testdrone */;
			targetProxy = 6E979F9F2601A1220025A7AA /* PBXContainerItemProxy */;
		};
/* End PBXTargetDependency section */

/* Begin XCBuildConfiguration section */
		6E979FA52601A1220025A7AA /* Debug */ = {
			isa = XCBuildConfiguration;
			buildSettings = {
				ALWAYS_SEARCH_USER_PATHS = NO;
				CLANG_ANALYZER_NONNULL = YES;
				CLANG_ANALYZER_NUMBER_OBJECT_CONVERSION = YES_AGGRESSIVE;
				CLANG_CXX_LANGUAGE_STANDARD = "gnu++14";
				CLANG_CXX_LIBRARY = "libc++";
				CLANG_ENABLE_MODULES = YES;
				CLANG_ENABLE_OBJC_ARC = YES;
				CLANG_ENABLE_OBJC_WEAK = YES;
				CLANG_WARN_BLOCK_CAPTURE_AUTORELEASING = YES;
				CLANG_WARN_BOOL_CONVERSION = YES;
				CLANG_WARN_COMMA = YES;
				CLANG_WARN_CONSTANT_CONVERSION = YES;
				CLANG_WARN_DEPRECATED_OBJC_IMPLEMENTATIONS = YES;
				CLANG_WARN_DIRECT_OBJC_ISA_USAGE = YES_ERROR;
				CLANG_WARN_DOCUMENTATION_COMMENTS = YES;
				CLANG_WARN_EMPTY_BODY = YES;
				CLANG_WARN_ENUM_CONVERSION = YES;
				CLANG_WARN_INFINITE_RECURSION = YES;
				CLANG_WARN_INT_CONVERSION = YES;
				CLANG_WARN_NON_LITERAL_NULL_CONVERSION = YES;
				CLANG_WARN_OBJC_IMPLICIT_RETAIN_SELF = YES;
				CLANG_WARN_OBJC_LITERAL_CONVERSION = YES;
				CLANG_WARN_OBJC_ROOT_CLASS = YES_ERROR;
				CLANG_WARN_QUOTED_INCLUDE_IN_FRAMEWORK_HEADER = YES;
				CLANG_WARN_RANGE_LOOP_ANALYSIS = YES;
				CLANG_WARN_STRICT_PROTOTYPES = YES;
				CLANG_WARN_SUSPICIOUS_MOVE = YES;
				CLANG_WARN_UNGUARDED_AVAILABILITY = YES_AGGRESSIVE;
				CLANG_WARN_UNREACHABLE_CODE = YES;
				CLANG_WARN__DUPLICATE_METHOD_MATCH = YES;
				COPY_PHASE_STRIP = NO;
				DEBUG_INFORMATION_FORMAT = dwarf;
				ENABLE_STRICT_OBJC_MSGSEND = YES;
				ENABLE_TESTABILITY = YES;
				GCC_C_LANGUAGE_STANDARD = gnu11;
				GCC_DYNAMIC_NO_PIC = NO;
				GCC_NO_COMMON_BLOCKS = YES;
				GCC_OPTIMIZATION_LEVEL = 0;
				GCC_PREPROCESSOR_DEFINITIONS = (
					"DEBUG=1",
					"$(inherited)",
				);
				GCC_WARN_64_TO_32_BIT_CONVERSION = YES;
				GCC_WARN_ABOUT_RETURN_TYPE = YES_ERROR;
				GCC_WARN_UNDECLARED_SELECTOR = YES;
				GCC_WARN_UNINITIALIZED_AUTOS = YES_AGGRESSIVE;
				GCC_WARN_UNUSED_FUNCTION = YES;
				GCC_WARN_UNUSED_VARIABLE = YES;
				IPHONEOS_DEPLOYMENT_TARGET = 14.4;
				MTL_ENABLE_DEBUG_INFO = INCLUDE_SOURCE;
				MTL_FAST_MATH = YES;
				ONLY_ACTIVE_ARCH = YES;
				SDKROOT = iphoneos;
				SWIFT_ACTIVE_COMPILATION_CONDITIONS = DEBUG;
				SWIFT_OPTIMIZATION_LEVEL = "-Onone";
			};
			name = Debug;
		};
		6E979FA62601A1220025A7AA /* Release */ = {
			isa = XCBuildConfiguration;
			buildSettings = {
				ALWAYS_SEARCH_USER_PATHS = NO;
				CLANG_ANALYZER_NONNULL = YES;
				CLANG_ANALYZER_NUMBER_OBJECT_CONVERSION = YES_AGGRESSIVE;
				CLANG_CXX_LANGUAGE_STANDARD = "gnu++14";
				CLANG_CXX_LIBRARY = "libc++";
				CLANG_ENABLE_MODULES = YES;
				CLANG_ENABLE_OBJC_ARC = YES;
				CLANG_ENABLE_OBJC_WEAK = YES;
				CLANG_WARN_BLOCK_CAPTURE_AUTORELEASING = YES;
				CLANG_WARN_BOOL_CONVERSION = YES;
				CLANG_WARN_COMMA = YES;
				CLANG_WARN_CONSTANT_CONVERSION = YES;
				CLANG_WARN_DEPRECATED_OBJC_IMPLEMENTATIONS = YES;
				CLANG_WARN_DIRECT_OBJC_ISA_USAGE = YES_ERROR;
				CLANG_WARN_DOCUMENTATION_COMMENTS = YES;
				CLANG_WARN_EMPTY_BODY = YES;
				CLANG_WARN_ENUM_CONVERSION = YES;
				CLANG_WARN_INFINITE_RECURSION = YES;
				CLANG_WARN_INT_CONVERSION = YES;
				CLANG_WARN_NON_LITERAL_NULL_CONVERSION = YES;
				CLANG_WARN_OBJC_IMPLICIT_RETAIN_SELF = YES;
				CLANG_WARN_OBJC_LITERAL_CONVERSION = YES;
				CLANG_WARN_OBJC_ROOT_CLASS = YES_ERROR;
				CLANG_WARN_QUOTED_INCLUDE_IN_FRAMEWORK_HEADER = YES;
				CLANG_WARN_RANGE_LOOP_ANALYSIS = YES;
				CLANG_WARN_STRICT_PROTOTYPES = YES;
				CLANG_WARN_SUSPICIOUS_MOVE = YES;
				CLANG_WARN_UNGUARDED_AVAILABILITY = YES_AGGRESSIVE;
				CLANG_WARN_UNREACHABLE_CODE = YES;
				CLANG_WARN__DUPLICATE_METHOD_MATCH = YES;
				COPY_PHASE_STRIP = NO;
				DEBUG_INFORMATION_FORMAT = "dwarf-with-dsym";
				ENABLE_NS_ASSERTIONS = NO;
				ENABLE_STRICT_OBJC_MSGSEND = YES;
				GCC_C_LANGUAGE_STANDARD = gnu11;
				GCC_NO_COMMON_BLOCKS = YES;
				GCC_WARN_64_TO_32_BIT_CONVERSION = YES;
				GCC_WARN_ABOUT_RETURN_TYPE = YES_ERROR;
				GCC_WARN_UNDECLARED_SELECTOR = YES;
				GCC_WARN_UNINITIALIZED_AUTOS = YES_AGGRESSIVE;
				GCC_WARN_UNUSED_FUNCTION = YES;
				GCC_WARN_UNUSED_VARIABLE = YES;
				IPHONEOS_DEPLOYMENT_TARGET = 14.4;
				MTL_ENABLE_DEBUG_INFO = NO;
				MTL_FAST_MATH = YES;
				SDKROOT = iphoneos;
				SWIFT_COMPILATION_MODE = wholemodule;
				SWIFT_OPTIMIZATION_LEVEL = "-O";
				VALIDATE_PRODUCT = YES;
			};
			name = Release;
		};
		6E979FA82601A1220025A7AA /* Debug */ = {
			isa = XCBuildConfiguration;
			buildSettings = {
				ASSETCATALOG_COMPILER_APPICON_NAME = AppIcon;
				ASSETCATALOG_COMPILER_GLOBAL_ACCENT_COLOR_NAME = AccentColor;
				CODE_SIGN_STYLE = Automatic;
				DEVELOPMENT_ASSET_PATHS = "\"testdrone/Preview Content\"";
				ENABLE_PREVIEWS = YES;
				INFOPLIST_FILE = testdrone/Info.plist;
				IPHONEOS_DEPLOYMENT_TARGET = 14.0;
				LD_RUNPATH_SEARCH_PATHS = (
					"$(inherited)",
					"@executable_path/Frameworks",
				);
				PRODUCT_BUNDLE_IDENTIFIER = com.ync.testdrone;
				PRODUCT_NAME = "$(TARGET_NAME)";
				SWIFT_VERSION = 5.0;
				TARGETED_DEVICE_FAMILY = "1,2";
			};
			name = Debug;
		};
		6E979FA92601A1220025A7AA /* Release */ = {
			isa = XCBuildConfiguration;
			buildSettings = {
				ASSETCATALOG_COMPILER_APPICON_NAME = AppIcon;
				ASSETCATALOG_COMPILER_GLOBAL_ACCENT_COLOR_NAME = AccentColor;
				CODE_SIGN_STYLE = Automatic;
				DEVELOPMENT_ASSET_PATHS = "\"testdrone/Preview Content\"";
				ENABLE_PREVIEWS = YES;
				INFOPLIST_FILE = testdrone/Info.plist;
				IPHONEOS_DEPLOYMENT_TARGET = 14.0;
				LD_RUNPATH_SEARCH_PATHS = (
					"$(inherited)",
					"@executable_path/Frameworks",
				);
				PRODUCT_BUNDLE_IDENTIFIER = com.ync.testdrone;
				PRODUCT_NAME = "$(TARGET_NAME)";
				SWIFT_VERSION = 5.0;
				TARGETED_DEVICE_FAMILY = "1,2";
			};
			name = Release;
		};
		6E979FAB2601A1220025A7AA /* Debug */ = {
			isa = XCBuildConfiguration;
			buildSettings = {
				ALWAYS_EMBED_SWIFT_STANDARD_LIBRARIES = YES;
				BUNDLE_LOADER = "$(TEST_HOST)";
				CODE_SIGN_STYLE = Automatic;
				INFOPLIST_FILE = testdroneTests/Info.plist;
				IPHONEOS_DEPLOYMENT_TARGET = 14.0;
				LD_RUNPATH_SEARCH_PATHS = (
					"$(inherited)",
					"@executable_path/Frameworks",
					"@loader_path/Frameworks",
				);
				PRODUCT_BUNDLE_IDENTIFIER = com.ync.testdroneTests;
				PRODUCT_NAME = "$(TARGET_NAME)";
				SWIFT_VERSION = 5.0;
				TARGETED_DEVICE_FAMILY = "1,2";
				TEST_HOST = "$(BUILT_PRODUCTS_DIR)/testdrone.app/testdrone";
			};
			name = Debug;
		};
		6E979FAC2601A1220025A7AA /* Release */ = {
			isa = XCBuildConfiguration;
			buildSettings = {
				ALWAYS_EMBED_SWIFT_STANDARD_LIBRARIES = YES;
				BUNDLE_LOADER = "$(TEST_HOST)";
				CODE_SIGN_STYLE = Automatic;
				INFOPLIST_FILE = testdroneTests/Info.plist;
				IPHONEOS_DEPLOYMENT_TARGET = 14.0;
				LD_RUNPATH_SEARCH_PATHS = (
					"$(inherited)",
					"@executable_path/Frameworks",
					"@loader_path/Frameworks",
				);
				PRODUCT_BUNDLE_IDENTIFIER = com.ync.testdroneTests;
				PRODUCT_NAME = "$(TARGET_NAME)";
				SWIFT_VERSION = 5.0;
				TARGETED_DEVICE_FAMILY = "1,2";
				TEST_HOST = "$(BUILT_PRODUCTS_DIR)/testdrone.app/testdrone";
			};
			name = Release;
		};
		6E979FAE2601A1220025A7AA /* Debug */ = {
			isa = XCBuildConfiguration;
			buildSettings = {
				ALWAYS_EMBED_SWIFT_STANDARD_LIBRARIES = YES;
				CODE_SIGN_STYLE = Automatic;
				INFOPLIST_FILE = testdroneUITests/Info.plist;
				LD_RUNPATH_SEARCH_PATHS = (
					"$(inherited)",
					"@executable_path/Frameworks",
					"@loader_path/Frameworks",
				);
				PRODUCT_BUNDLE_IDENTIFIER = com.ync.testdroneUITests;
				PRODUCT_NAME = "$(TARGET_NAME)";
				SWIFT_VERSION = 5.0;
				TARGETED_DEVICE_FAMILY = "1,2";
				TEST_TARGET_NAME = testdrone;
			};
			name = Debug;
		};
		6E979FAF2601A1220025A7AA /* Release */ = {
			isa = XCBuildConfiguration;
			buildSettings = {
				ALWAYS_EMBED_SWIFT_STANDARD_LIBRARIES = YES;
				CODE_SIGN_STYLE = Automatic;
				INFOPLIST_FILE = testdroneUITests/Info.plist;
				LD_RUNPATH_SEARCH_PATHS = (
					"$(inherited)",
					"@executable_path/Frameworks",
					"@loader_path/Frameworks",
				);
				PRODUCT_BUNDLE_IDENTIFIER = com.ync.testdroneUITests;
				PRODUCT_NAME = "$(TARGET_NAME)";
				SWIFT_VERSION = 5.0;
				TARGETED_DEVICE_FAMILY = "1,2";
				TEST_TARGET_NAME = testdrone;
			};
			name = Release;
		};
/* End XCBuildConfiguration section */

/* Begin XCConfigurationList section */
		6E979F7D2601A11D0025A7AA /* Build configuration list for PBXProject "testdrone" */ = {
			isa = XCConfigurationList;
			buildConfigurations = (
				6E979FA52601A1220025A7AA /* Debug */,
				6E979FA62601A1220025A7AA /* Release */,
			);
			defaultConfigurationIsVisible = 0;
			defaultConfigurationName = Release;
		};
		6E979FA72601A1220025A7AA /* Build configuration list for PBXNativeTarget "testdrone" */ = {
			isa = XCConfigurationList;
			buildConfigurations = (
				6E979FA82601A1220025A7AA /* Debug */,
				6E979FA92601A1220025A7AA /* Release */,
			);
			defaultConfigurationIsVisible = 0;
			defaultConfigurationName = Release;
		};
		6E979FAA2601A1220025A7AA /* Build configuration list for PBXNativeTarget "testdroneTests" */ = {
			isa = XCConfigurationList;
			buildConfigurations = (
				6E979FAB2601A1220025A7AA /* Debug */,
				6E979FAC2601A1220025A7AA /* Release */,
			);
			defaultConfigurationIsVisible = 0;
			defaultConfigurationName = Release;
		};
		6E979FAD2601A1220025A7AA /* Build configuration list for PBXNativeTarget "testdroneUITests" */ = {
			isa = XCConfigurationList;
			buildConfigurations = (
				6E979FAE2601A1220025A7AA /* Debug */,
				6E979FAF2601A1220025A7AA /* Release */,
			);
			defaultConfigurationIsVisible = 0;
			defaultConfigurationName = Release;
		};
/* End XCConfigurationList section */
	};
	rootObject = 6E979F7A2601A11D0025A7AA /* Project object */;
}
